
Microsoft Visual Studio Solution File, Format Version 12.00
# Visual Studio Version 16
VisualStudioVersion = 16.0.30523.141
MinimumVisualStudioVersion = 10.0.40219.1
Project("{9A19103F-16F7-4668-BE54-9A1E7A4F7556}") = "Projeto_I_OneTetris", "Projeto_I_OneTetris.csproj", "{3CF66EC6-39D8-4B37-AC6A-715B66C8AE4A}"
EndProject
Global
	GlobalSection(SolutionConfigurationPlatforms) = preSolution
		Debug|Any CPU = Debug|Any CPU
		Release|Any CPU = Release|Any CPU
	EndGlobalSection
	GlobalSection(ProjectConfigurationPlatforms) = postSolution
		{3CF66EC6-39D8-4B37-AC6A-715B66C8AE4A}.Debug|Any CPU.ActiveCfg = Debug|Any CPU
		{3CF66EC6-39D8-4B37-AC6A-715B66C8AE4A}.Debug|Any CPU.Build.0 = Debug|Any CPU
		{3CF66EC6-39D8-4B37-AC6A-715B66C8AE4A}.Release|Any CPU.ActiveCfg = Release|Any CPU
		{3CF66EC6-39D8-4B37-AC6A-715B66C8AE4A}.Release|Any CPU.Build.0 = Release|Any CPU
	EndGlobalSection
	GlobalSection(SolutionProperties) = preSolution
		HideSolutionNode = FALSE
	EndGlobalSection
	GlobalSection(ExtensibilityGlobals) = postSolution
		SolutionGuid = {1356F826-1965-4673-A22C-E482CE49E64B}
	EndGlobalSection
EndGlobal
